// !$*UTF8*$!
{
	archiveVersion = 1;
	classes = {
	};
	objectVersion = 56;
	objects = {

/* Begin PBXBuildFile section */
		302B5FB22C7620530043351B /* AnalyticsEngine.swift in Sources */ = {isa = PBXBuildFile; fileRef = 302B5FB12C7620530043351B /* AnalyticsEngine.swift */; };
		302B5FB52C76208F0043351B /* Analytics.swift in Sources */ = {isa = PBXBuildFile; fileRef = 302B5FB42C76208F0043351B /* Analytics.swift */; };
		302B5FB72C7620CF0043351B /* AnalyticsEvent.swift in Sources */ = {isa = PBXBuildFile; fileRef = 302B5FB62C7620CF0043351B /* AnalyticsEvent.swift */; };
		302B5FBA2C7621180043351B /* String.swift in Sources */ = {isa = PBXBuildFile; fileRef = 302B5FB92C7621180043351B /* String.swift */; };
		302B5FBD2C7622170043351B /* AnalyticsEvents.swift in Sources */ = {isa = PBXBuildFile; fileRef = 302B5FBC2C7622170043351B /* AnalyticsEvents.swift */; };
		302B5FC02C7756EB0043351B /* SpellChecker.swift in Sources */ = {isa = PBXBuildFile; fileRef = 302B5FBF2C7756EB0043351B /* SpellChecker.swift */; };
		302B5FC32C7758690043351B /* Defaults.swift in Sources */ = {isa = PBXBuildFile; fileRef = 302B5FC22C7758690043351B /* Defaults.swift */; };
		30410C0A2C74EC1300AF9126 /* AppIcon.icns in Resources */ = {isa = PBXBuildFile; fileRef = 30410C092C74EC1300AF9126 /* AppIcon.icns */; };
		3042EB8B2C73810400F69690 /* HintView.swift in Sources */ = {isa = PBXBuildFile; fileRef = 3042EB8A2C73810400F69690 /* HintView.swift */; };
		3042EB8D2C7393BC00F69690 /* ToastView.swift in Sources */ = {isa = PBXBuildFile; fileRef = 3042EB8C2C7393BC00F69690 /* ToastView.swift */; };
		3042EB8F2C739E5100F69690 /* Constants.swift in Sources */ = {isa = PBXBuildFile; fileRef = 3042EB8E2C739E5100F69690 /* Constants.swift */; };
		30467E152C6B862A007A0F19 /* MatchumbeopApp.swift in Sources */ = {isa = PBXBuildFile; fileRef = 30467E142C6B862A007A0F19 /* MatchumbeopApp.swift */; };
		30467E1C2C6B862B007A0F19 /* Preview Assets.xcassets in Resources */ = {isa = PBXBuildFile; fileRef = 30467E1B2C6B862B007A0F19 /* Preview Assets.xcassets */; };
		30467E272C6B862B007A0F19 /* MatchumbeopTests.swift in Sources */ = {isa = PBXBuildFile; fileRef = 30467E262C6B862B007A0F19 /* MatchumbeopTests.swift */; };
		30467E312C6B862B007A0F19 /* MatchumbeopUITests.swift in Sources */ = {isa = PBXBuildFile; fileRef = 30467E302C6B862B007A0F19 /* MatchumbeopUITests.swift */; };
		30467E332C6B862B007A0F19 /* MatchumbeopUITestsLaunchTests.swift in Sources */ = {isa = PBXBuildFile; fileRef = 30467E322C6B862B007A0F19 /* MatchumbeopUITestsLaunchTests.swift */; };
		30467E402C6B865B007A0F19 /* ContentView.swift in Sources */ = {isa = PBXBuildFile; fileRef = 30467E3F2C6B865B007A0F19 /* ContentView.swift */; };
		306064622C6B87BF00BC6350 /* NaverSpellChecker.swift in Sources */ = {isa = PBXBuildFile; fileRef = 306064612C6B87BF00BC6350 /* NaverSpellChecker.swift */; };
		306064642C6B87D400BC6350 /* SettingsView.swift in Sources */ = {isa = PBXBuildFile; fileRef = 306064632C6B87D400BC6350 /* SettingsView.swift */; };
		306064672C6B8A7C00BC6350 /* KeyboardShortcuts in Frameworks */ = {isa = PBXBuildFile; productRef = 306064662C6B8A7C00BC6350 /* KeyboardShortcuts */; };
		306064692C6B8C5800BC6350 /* Info.plist in Resources */ = {isa = PBXBuildFile; fileRef = 306064682C6B8C5800BC6350 /* Info.plist */; };
		3060646B2C6B8E8C00BC6350 /* AppState.swift in Sources */ = {isa = PBXBuildFile; fileRef = 3060646A2C6B8E8C00BC6350 /* AppState.swift */; };
		3060646D2C6B957D00BC6350 /* AppDelegate.swift in Sources */ = {isa = PBXBuildFile; fileRef = 3060646C2C6B957D00BC6350 /* AppDelegate.swift */; };
		306064712C6BB82D00BC6350 /* DraggableTextView.swift in Sources */ = {isa = PBXBuildFile; fileRef = 306064702C6BB82D00BC6350 /* DraggableTextView.swift */; };
		306064732C6C8AE400BC6350 /* SpellCheckerExtension.swift in Sources */ = {isa = PBXBuildFile; fileRef = 306064722C6C8AE400BC6350 /* SpellCheckerExtension.swift */; };
		30A0D8D92C775C1400F56515 /* Defaults in Frameworks */ = {isa = PBXBuildFile; productRef = 30A0D8D82C775C1400F56515 /* Defaults */; };
		30D5E0A02C73A5D700295E53 /* LaunchAtLogin in Frameworks */ = {isa = PBXBuildFile; productRef = 30D5E09F2C73A5D700295E53 /* LaunchAtLogin */; };
		30D5E0A22C74458C00295E53 /* Utils.swift in Sources */ = {isa = PBXBuildFile; fileRef = 30D5E0A12C74458C00295E53 /* Utils.swift */; };
		30D5E0A52C74BB4800295E53 /* SettingsDivider.swift in Sources */ = {isa = PBXBuildFile; fileRef = 30D5E0A42C74BB4800295E53 /* SettingsDivider.swift */; };
		30D5E0A82C74BD5C00295E53 /* Sparkle in Frameworks */ = {isa = PBXBuildFile; productRef = 30D5E0A72C74BD5C00295E53 /* Sparkle */; };
		30D5E0BC2C74C3B800295E53 /* UpdateChecker.swift in Sources */ = {isa = PBXBuildFile; fileRef = 30D5E0BB2C74C3B800295E53 /* UpdateChecker.swift */; };
		30D5E0C22C74D48B00295E53 /* GoogleService-Info.plist in Resources */ = {isa = PBXBuildFile; fileRef = 30D5E0C12C74D48B00295E53 /* GoogleService-Info.plist */; };
		30D5E0C32C74EA3600295E53 /* Assets.xcassets in Resources */ = {isa = PBXBuildFile; fileRef = 30467E182C6B862B007A0F19 /* Assets.xcassets */; };
		30FD9E4A2C7B4DCA001F0A67 /* Pods_Matchumbeop.framework in Frameworks */ = {isa = PBXBuildFile; fileRef = F824DF638CDA1CC6E6527CEE /* Pods_Matchumbeop.framework */; };
		3A31439163416A2CF1FE5904 /* Pods_MatchumbeopTests.framework in Frameworks */ = {isa = PBXBuildFile; fileRef = 82DBF95B47E43A32F9E8A0D2 /* Pods_MatchumbeopTests.framework */; };
		B4F877EA4C02633AFAEBC07E /* Pods_Matchumbeop_MatchumbeopUITests.framework in Frameworks */ = {isa = PBXBuildFile; fileRef = 6F48963954137C846417FC93 /* Pods_Matchumbeop_MatchumbeopUITests.framework */; };
/* End PBXBuildFile section */

/* Begin PBXContainerItemProxy section */
		30467E232C6B862B007A0F19 /* PBXContainerItemProxy */ = {
			isa = PBXContainerItemProxy;
			containerPortal = 30467E092C6B862A007A0F19 /* Project object */;
			proxyType = 1;
			remoteGlobalIDString = 30467E102C6B862A007A0F19;
			remoteInfo = matchumbeop;
		};
		30467E2D2C6B862B007A0F19 /* PBXContainerItemProxy */ = {
			isa = PBXContainerItemProxy;
			containerPortal = 30467E092C6B862A007A0F19 /* Project object */;
			proxyType = 1;
			remoteGlobalIDString = 30467E102C6B862A007A0F19;
			remoteInfo = matchumbeop;
		};
/* End PBXContainerItemProxy section */

/* Begin PBXFileReference section */
		0106906D3DDFC1784AF771D5 /* Pods-Matchumbeop.debug.xcconfig */ = {isa = PBXFileReference; includeInIndex = 1; lastKnownFileType = text.xcconfig; name = "Pods-Matchumbeop.debug.xcconfig"; path = "Target Support Files/Pods-matchumbeop/Pods-matchumbeop.debug.xcconfig"; sourceTree = "<group>"; };
		1894E3D37FC935BEA3EE42DF /* Pods-Matchumbeop.release.xcconfig */ = {isa = PBXFileReference; includeInIndex = 1; lastKnownFileType = text.xcconfig; name = "Pods-Matchumbeop.release.xcconfig"; path = "Target Support Files/Pods-matchumbeop/Pods-matchumbeop.release.xcconfig"; sourceTree = "<group>"; };
		2CCD25DF7D6A01504574BF17 /* Pods_Matchumbeop_MatchumbeopUITests.framework */ = {isa = PBXFileReference; explicitFileType = wrapper.framework; includeInIndex = 0; path = Pods_Matchumbeop_MatchumbeopUITests.framework; sourceTree = BUILT_PRODUCTS_DIR; };
		302B5FB12C7620530043351B /* AnalyticsEngine.swift */ = {isa = PBXFileReference; lastKnownFileType = sourcecode.swift; path = AnalyticsEngine.swift; sourceTree = "<group>"; };
		302B5FB42C76208F0043351B /* Analytics.swift */ = {isa = PBXFileReference; lastKnownFileType = sourcecode.swift; path = Analytics.swift; sourceTree = "<group>"; };
		302B5FB62C7620CF0043351B /* AnalyticsEvent.swift */ = {isa = PBXFileReference; lastKnownFileType = sourcecode.swift; path = AnalyticsEvent.swift; sourceTree = "<group>"; };
		302B5FB92C7621180043351B /* String.swift */ = {isa = PBXFileReference; lastKnownFileType = sourcecode.swift; path = String.swift; sourceTree = "<group>"; };
		302B5FBC2C7622170043351B /* AnalyticsEvents.swift */ = {isa = PBXFileReference; lastKnownFileType = sourcecode.swift; path = AnalyticsEvents.swift; sourceTree = "<group>"; };
		302B5FBF2C7756EB0043351B /* SpellChecker.swift */ = {isa = PBXFileReference; lastKnownFileType = sourcecode.swift; path = SpellChecker.swift; sourceTree = "<group>"; };
		302B5FC22C7758690043351B /* Defaults.swift */ = {isa = PBXFileReference; lastKnownFileType = sourcecode.swift; path = Defaults.swift; sourceTree = "<group>"; };
		30410C092C74EC1300AF9126 /* AppIcon.icns */ = {isa = PBXFileReference; lastKnownFileType = image.icns; path = AppIcon.icns; sourceTree = "<group>"; };
		3042EB8A2C73810400F69690 /* HintView.swift */ = {isa = PBXFileReference; lastKnownFileType = sourcecode.swift; path = HintView.swift; sourceTree = "<group>"; };
		3042EB8C2C7393BC00F69690 /* ToastView.swift */ = {isa = PBXFileReference; lastKnownFileType = sourcecode.swift; path = ToastView.swift; sourceTree = "<group>"; };
		3042EB8E2C739E5100F69690 /* Constants.swift */ = {isa = PBXFileReference; lastKnownFileType = sourcecode.swift; path = Constants.swift; sourceTree = "<group>"; };
		30467E112C6B862A007A0F19 /* Matchumbeop.app */ = {isa = PBXFileReference; explicitFileType = wrapper.application; includeInIndex = 0; path = Matchumbeop.app; sourceTree = BUILT_PRODUCTS_DIR; };
		30467E142C6B862A007A0F19 /* MatchumbeopApp.swift */ = {isa = PBXFileReference; lastKnownFileType = sourcecode.swift; path = MatchumbeopApp.swift; sourceTree = "<group>"; };
		30467E182C6B862B007A0F19 /* Assets.xcassets */ = {isa = PBXFileReference; lastKnownFileType = folder.assetcatalog; name = Assets.xcassets; path = matchumbeop/Assets.xcassets; sourceTree = SOURCE_ROOT; };
		30467E1B2C6B862B007A0F19 /* Preview Assets.xcassets */ = {isa = PBXFileReference; lastKnownFileType = folder.assetcatalog; path = "Preview Assets.xcassets"; sourceTree = "<group>"; };
		30467E1D2C6B862B007A0F19 /* Matchumbeop.entitlements */ = {isa = PBXFileReference; lastKnownFileType = text.plist.entitlements; path = Matchumbeop.entitlements; sourceTree = "<group>"; };
		30467E222C6B862B007A0F19 /* MatchumbeopTests.xctest */ = {isa = PBXFileReference; explicitFileType = wrapper.cfbundle; includeInIndex = 0; path = MatchumbeopTests.xctest; sourceTree = BUILT_PRODUCTS_DIR; };
		30467E262C6B862B007A0F19 /* MatchumbeopTests.swift */ = {isa = PBXFileReference; lastKnownFileType = sourcecode.swift; path = MatchumbeopTests.swift; sourceTree = "<group>"; };
		30467E2C2C6B862B007A0F19 /* MatchumbeopUITests.xctest */ = {isa = PBXFileReference; explicitFileType = wrapper.cfbundle; includeInIndex = 0; path = MatchumbeopUITests.xctest; sourceTree = BUILT_PRODUCTS_DIR; };
		30467E302C6B862B007A0F19 /* MatchumbeopUITests.swift */ = {isa = PBXFileReference; lastKnownFileType = sourcecode.swift; path = MatchumbeopUITests.swift; sourceTree = "<group>"; };
		30467E322C6B862B007A0F19 /* MatchumbeopUITestsLaunchTests.swift */ = {isa = PBXFileReference; lastKnownFileType = sourcecode.swift; path = MatchumbeopUITestsLaunchTests.swift; sourceTree = "<group>"; };
		30467E3F2C6B865B007A0F19 /* ContentView.swift */ = {isa = PBXFileReference; indentWidth = 5; lastKnownFileType = sourcecode.swift; path = ContentView.swift; sourceTree = "<group>"; };
		306064612C6B87BF00BC6350 /* NaverSpellChecker.swift */ = {isa = PBXFileReference; lastKnownFileType = sourcecode.swift; path = NaverSpellChecker.swift; sourceTree = "<group>"; };
		306064632C6B87D400BC6350 /* SettingsView.swift */ = {isa = PBXFileReference; lastKnownFileType = sourcecode.swift; path = SettingsView.swift; sourceTree = "<group>"; };
		306064682C6B8C5800BC6350 /* Info.plist */ = {isa = PBXFileReference; lastKnownFileType = text.plist.xml; path = Info.plist; sourceTree = "<group>"; };
		3060646A2C6B8E8C00BC6350 /* AppState.swift */ = {isa = PBXFileReference; lastKnownFileType = sourcecode.swift; path = AppState.swift; sourceTree = "<group>"; };
		3060646C2C6B957D00BC6350 /* AppDelegate.swift */ = {isa = PBXFileReference; lastKnownFileType = sourcecode.swift; path = AppDelegate.swift; sourceTree = "<group>"; };
		306064702C6BB82D00BC6350 /* DraggableTextView.swift */ = {isa = PBXFileReference; lastKnownFileType = sourcecode.swift; path = DraggableTextView.swift; sourceTree = "<group>"; };
		306064722C6C8AE400BC6350 /* SpellCheckerExtension.swift */ = {isa = PBXFileReference; lastKnownFileType = sourcecode.swift; path = SpellCheckerExtension.swift; sourceTree = "<group>"; };
		30D5E0A12C74458C00295E53 /* Utils.swift */ = {isa = PBXFileReference; lastKnownFileType = sourcecode.swift; path = Utils.swift; sourceTree = "<group>"; };
		30D5E0A42C74BB4800295E53 /* SettingsDivider.swift */ = {isa = PBXFileReference; lastKnownFileType = sourcecode.swift; path = SettingsDivider.swift; sourceTree = "<group>"; };
		30D5E0A92C74C15700295E53 /* Pods_matchumbeop.framework */ = {isa = PBXFileReference; explicitFileType = wrapper.framework; path = Pods_matchumbeop.framework; sourceTree = BUILT_PRODUCTS_DIR; };
		30D5E0B32C74C17C00295E53 /* Pods_matchumbeopTests.framework */ = {isa = PBXFileReference; explicitFileType = wrapper.framework; path = Pods_matchumbeopTests.framework; sourceTree = BUILT_PRODUCTS_DIR; };
		30D5E0B72C74C18200295E53 /* Pods_matchumbeop_matchumbeopUITests.framework */ = {isa = PBXFileReference; explicitFileType = wrapper.framework; path = Pods_matchumbeop_matchumbeopUITests.framework; sourceTree = BUILT_PRODUCTS_DIR; };
		30D5E0BB2C74C3B800295E53 /* UpdateChecker.swift */ = {isa = PBXFileReference; lastKnownFileType = sourcecode.swift; path = UpdateChecker.swift; sourceTree = "<group>"; };
		30D5E0C12C74D48B00295E53 /* GoogleService-Info.plist */ = {isa = PBXFileReference; fileEncoding = 4; lastKnownFileType = text.plist.xml; path = "GoogleService-Info.plist"; sourceTree = "<group>"; };
		42D54CEFC3D0D4B5A8B9A049 /* Pods-MatchumbeopTests.debug.xcconfig */ = {isa = PBXFileReference; includeInIndex = 1; lastKnownFileType = text.xcconfig; name = "Pods-MatchumbeopTests.debug.xcconfig"; path = "Target Support Files/Pods-MatchumbeopTests/Pods-MatchumbeopTests.debug.xcconfig"; sourceTree = "<group>"; };
		4AD7A1A528B8859594BCF5B2 /* Pods-matchumbeopTests.release.xcconfig */ = {isa = PBXFileReference; includeInIndex = 1; lastKnownFileType = text.xcconfig; name = "Pods-matchumbeopTests.release.xcconfig"; path = "Target Support Files/Pods-matchumbeopTests/Pods-matchumbeopTests.release.xcconfig"; sourceTree = "<group>"; };
		515602CE4845FDE6082D32DD /* Pods-Matchumbeop-MatchumbeopUITests.debug.xcconfig */ = {isa = PBXFileReference; includeInIndex = 1; lastKnownFileType = text.xcconfig; name = "Pods-Matchumbeop-MatchumbeopUITests.debug.xcconfig"; path = "Target Support Files/Pods-Matchumbeop-MatchumbeopUITests/Pods-Matchumbeop-MatchumbeopUITests.debug.xcconfig"; sourceTree = "<group>"; };
		5D56015C3DA80757E22A6BE2 /* Pods-MatchumbeopTests.release.xcconfig */ = {isa = PBXFileReference; includeInIndex = 1; lastKnownFileType = text.xcconfig; name = "Pods-MatchumbeopTests.release.xcconfig"; path = "Target Support Files/Pods-MatchumbeopTests/Pods-MatchumbeopTests.release.xcconfig"; sourceTree = "<group>"; };
		6F48963954137C846417FC93 /* Pods_Matchumbeop_MatchumbeopUITests.framework */ = {isa = PBXFileReference; explicitFileType = wrapper.framework; includeInIndex = 0; path = Pods_Matchumbeop_MatchumbeopUITests.framework; sourceTree = BUILT_PRODUCTS_DIR; };
		82DBF95B47E43A32F9E8A0D2 /* Pods_MatchumbeopTests.framework */ = {isa = PBXFileReference; explicitFileType = wrapper.framework; includeInIndex = 0; path = Pods_MatchumbeopTests.framework; sourceTree = BUILT_PRODUCTS_DIR; };
		898C33C88652E63BFBED0FB4 /* Pods-matchumbeop-matchumbeopUITests.release.xcconfig */ = {isa = PBXFileReference; includeInIndex = 1; lastKnownFileType = text.xcconfig; name = "Pods-matchumbeop-matchumbeopUITests.release.xcconfig"; path = "Target Support Files/Pods-matchumbeop-matchumbeopUITests/Pods-matchumbeop-matchumbeopUITests.release.xcconfig"; sourceTree = "<group>"; };
		89DFA2DE2EEE8DE8FFEE7A0F /* Pods-matchumbeopTests.debug.xcconfig */ = {isa = PBXFileReference; includeInIndex = 1; lastKnownFileType = text.xcconfig; name = "Pods-matchumbeopTests.debug.xcconfig"; path = "Target Support Files/Pods-matchumbeopTests/Pods-matchumbeopTests.debug.xcconfig"; sourceTree = "<group>"; };
		90CD5A3CE3B7DF0B32838938 /* Pods_matchumbeopTests.framework */ = {isa = PBXFileReference; explicitFileType = wrapper.framework; includeInIndex = 0; path = Pods_matchumbeopTests.framework; sourceTree = BUILT_PRODUCTS_DIR; };
		A16852473B5D9C2C668F09C2 /* Pods-Matchumbeop-MatchumbeopUITests.release.xcconfig */ = {isa = PBXFileReference; includeInIndex = 1; lastKnownFileType = text.xcconfig; name = "Pods-Matchumbeop-MatchumbeopUITests.release.xcconfig"; path = "Target Support Files/Pods-Matchumbeop-MatchumbeopUITests/Pods-Matchumbeop-MatchumbeopUITests.release.xcconfig"; sourceTree = "<group>"; };
		C599C0E4C29875A660072236 /* Pods-matchumbeop-matchumbeopUITests.debug.xcconfig */ = {isa = PBXFileReference; includeInIndex = 1; lastKnownFileType = text.xcconfig; name = "Pods-matchumbeop-matchumbeopUITests.debug.xcconfig"; path = "Target Support Files/Pods-matchumbeop-matchumbeopUITests/Pods-matchumbeop-matchumbeopUITests.debug.xcconfig"; sourceTree = "<group>"; };
		C79414A5267BFA79DB55BBD7 /* Pods-Matchumbeop.debug.xcconfig */ = {isa = PBXFileReference; includeInIndex = 1; lastKnownFileType = text.xcconfig; name = "Pods-Matchumbeop.debug.xcconfig"; path = "Target Support Files/Pods-Matchumbeop/Pods-Matchumbeop.debug.xcconfig"; sourceTree = "<group>"; };
		DD823D2CC0C19124B038DF14 /* Pods-Matchumbeop.release.xcconfig */ = {isa = PBXFileReference; includeInIndex = 1; lastKnownFileType = text.xcconfig; name = "Pods-Matchumbeop.release.xcconfig"; path = "Target Support Files/Pods-Matchumbeop/Pods-Matchumbeop.release.xcconfig"; sourceTree = "<group>"; };
		F824DF638CDA1CC6E6527CEE /* Pods_Matchumbeop.framework */ = {isa = PBXFileReference; explicitFileType = wrapper.framework; includeInIndex = 0; path = Pods_Matchumbeop.framework; sourceTree = BUILT_PRODUCTS_DIR; };
/* End PBXFileReference section */

/* Begin PBXFrameworksBuildPhase section */
		30467E0E2C6B862A007A0F19 /* Frameworks */ = {
			isa = PBXFrameworksBuildPhase;
			buildActionMask = 2147483647;
			files = (
				30A0D8D92C775C1400F56515 /* Defaults in Frameworks */,
				30D5E0A02C73A5D700295E53 /* LaunchAtLogin in Frameworks */,
				30D5E0A82C74BD5C00295E53 /* Sparkle in Frameworks */,
				306064672C6B8A7C00BC6350 /* KeyboardShortcuts in Frameworks */,
				30FD9E4A2C7B4DCA001F0A67 /* Pods_Matchumbeop.framework in Frameworks */,
			);
			runOnlyForDeploymentPostprocessing = 0;
		};
		30467E1F2C6B862B007A0F19 /* Frameworks */ = {
			isa = PBXFrameworksBuildPhase;
			buildActionMask = 2147483647;
			files = (
				3A31439163416A2CF1FE5904 /* Pods_MatchumbeopTests.framework in Frameworks */,
			);
			runOnlyForDeploymentPostprocessing = 0;
		};
		30467E292C6B862B007A0F19 /* Frameworks */ = {
			isa = PBXFrameworksBuildPhase;
			buildActionMask = 2147483647;
			files = (
				B4F877EA4C02633AFAEBC07E /* Pods_Matchumbeop_MatchumbeopUITests.framework in Frameworks */,
			);
			runOnlyForDeploymentPostprocessing = 0;
		};
/* End PBXFrameworksBuildPhase section */

/* Begin PBXGroup section */
		302B5FB32C7620860043351B /* Analytics */ = {
			isa = PBXGroup;
			children = (
				302B5FBB2C76220C0043351B /* Events */,
				302B5FB42C76208F0043351B /* Analytics.swift */,
				302B5FB12C7620530043351B /* AnalyticsEngine.swift */,
				302B5FB62C7620CF0043351B /* AnalyticsEvent.swift */,
			);
			path = Analytics;
			sourceTree = "<group>";
		};
		302B5FB82C7621100043351B /* Extensions */ = {
			isa = PBXGroup;
			children = (
				302B5FB92C7621180043351B /* String.swift */,
			);
			path = Extensions;
			sourceTree = "<group>";
		};
		302B5FBB2C76220C0043351B /* Events */ = {
			isa = PBXGroup;
			children = (
				302B5FBC2C7622170043351B /* AnalyticsEvents.swift */,
			);
			path = Events;
			sourceTree = "<group>";
		};
		302B5FBE2C7756B20043351B /* SpellCheckers */ = {
			isa = PBXGroup;
			children = (
				306064612C6B87BF00BC6350 /* NaverSpellChecker.swift */,
				302B5FBF2C7756EB0043351B /* SpellChecker.swift */,
			);
			path = SpellCheckers;
			sourceTree = "<group>";
		};
		30467E082C6B862A007A0F19 = {
			isa = PBXGroup;
			children = (
				3042EB8C2C7393BC00F69690 /* ToastView.swift */,
				306064682C6B8C5800BC6350 /* Info.plist */,
				30410C092C74EC1300AF9126 /* AppIcon.icns */,
				30467E132C6B862A007A0F19 /* Matchumbeop */,
				30467E252C6B862B007A0F19 /* MatchumbeopTests */,
				30467E2F2C6B862B007A0F19 /* MatchumbeopUITests */,
				30467E122C6B862A007A0F19 /* Products */,
				FB1A3C1335099160E11D5249 /* Pods */,
				91FFB42A341B269B3C91CFD7 /* Frameworks */,
				30FD9E492C7B4DA5001F0A67 /* Recovered References */,
			);
			sourceTree = "<group>";
		};
		30467E122C6B862A007A0F19 /* Products */ = {
			isa = PBXGroup;
			children = (
				30467E112C6B862A007A0F19 /* Matchumbeop.app */,
				30467E222C6B862B007A0F19 /* MatchumbeopTests.xctest */,
				30467E2C2C6B862B007A0F19 /* MatchumbeopUITests.xctest */,
			);
			name = Products;
			sourceTree = "<group>";
		};
		30467E132C6B862A007A0F19 /* Matchumbeop */ = {
			isa = PBXGroup;
			children = (
				302B5FBE2C7756B20043351B /* SpellCheckers */,
				302B5FB82C7621100043351B /* Extensions */,
				302B5FB32C7620860043351B /* Analytics */,
				30D5E0C12C74D48B00295E53 /* GoogleService-Info.plist */,
				30D5E0BD2C74C3E800295E53 /* UpdateChecker */,
				30D5E0A32C74BB2F00295E53 /* SharedUIComponents */,
				30467E142C6B862A007A0F19 /* MatchumbeopApp.swift */,
				30467E182C6B862B007A0F19 /* Assets.xcassets */,
				30467E1D2C6B862B007A0F19 /* Matchumbeop.entitlements */,
				30467E1A2C6B862B007A0F19 /* Preview Content */,
				30467E3F2C6B865B007A0F19 /* ContentView.swift */,
				306064632C6B87D400BC6350 /* SettingsView.swift */,
				3060646A2C6B8E8C00BC6350 /* AppState.swift */,
				3060646C2C6B957D00BC6350 /* AppDelegate.swift */,
				306064722C6C8AE400BC6350 /* SpellCheckerExtension.swift */,
				3042EB8E2C739E5100F69690 /* Constants.swift */,
				30D5E0A12C74458C00295E53 /* Utils.swift */,
				302B5FC22C7758690043351B /* Defaults.swift */,
			);
			path = Matchumbeop;
			sourceTree = "<group>";
		};
		30467E1A2C6B862B007A0F19 /* Preview Content */ = {
			isa = PBXGroup;
			children = (
				30467E1B2C6B862B007A0F19 /* Preview Assets.xcassets */,
			);
			path = "Preview Content";
			sourceTree = "<group>";
		};
		30467E252C6B862B007A0F19 /* MatchumbeopTests */ = {
			isa = PBXGroup;
			children = (
				30467E262C6B862B007A0F19 /* MatchumbeopTests.swift */,
			);
			path = MatchumbeopTests;
			sourceTree = "<group>";
		};
		30467E2F2C6B862B007A0F19 /* MatchumbeopUITests */ = {
			isa = PBXGroup;
			children = (
				30467E302C6B862B007A0F19 /* MatchumbeopUITests.swift */,
				30467E322C6B862B007A0F19 /* MatchumbeopUITestsLaunchTests.swift */,
			);
			path = MatchumbeopUITests;
			sourceTree = "<group>";
		};
		30D5E0A32C74BB2F00295E53 /* SharedUIComponents */ = {
			isa = PBXGroup;
			children = (
				306064702C6BB82D00BC6350 /* DraggableTextView.swift */,
				3042EB8A2C73810400F69690 /* HintView.swift */,
				30D5E0A42C74BB4800295E53 /* SettingsDivider.swift */,
			);
			path = SharedUIComponents;
			sourceTree = "<group>";
		};
		30D5E0BD2C74C3E800295E53 /* UpdateChecker */ = {
			isa = PBXGroup;
			children = (
				30D5E0BB2C74C3B800295E53 /* UpdateChecker.swift */,
			);
			path = UpdateChecker;
			sourceTree = "<group>";
		};
		30FD9E492C7B4DA5001F0A67 /* Recovered References */ = {
			isa = PBXGroup;
			children = (
				30D5E0A92C74C15700295E53 /* Pods_matchumbeop.framework */,
				30D5E0B32C74C17C00295E53 /* Pods_matchumbeopTests.framework */,
				30D5E0B72C74C18200295E53 /* Pods_matchumbeop_matchumbeopUITests.framework */,
			);
			name = "Recovered References";
			sourceTree = "<group>";
		};
		91FFB42A341B269B3C91CFD7 /* Frameworks */ = {
			isa = PBXGroup;
			children = (
				2CCD25DF7D6A01504574BF17 /* Pods_Matchumbeop_MatchumbeopUITests.framework */,
				90CD5A3CE3B7DF0B32838938 /* Pods_matchumbeopTests.framework */,
				F824DF638CDA1CC6E6527CEE /* Pods_Matchumbeop.framework */,
				6F48963954137C846417FC93 /* Pods_Matchumbeop_MatchumbeopUITests.framework */,
				82DBF95B47E43A32F9E8A0D2 /* Pods_MatchumbeopTests.framework */,
			);
			name = Frameworks;
			sourceTree = "<group>";
		};
		FB1A3C1335099160E11D5249 /* Pods */ = {
			isa = PBXGroup;
			children = (
				0106906D3DDFC1784AF771D5 /* Pods-Matchumbeop.debug.xcconfig */,
				1894E3D37FC935BEA3EE42DF /* Pods-Matchumbeop.release.xcconfig */,
				C599C0E4C29875A660072236 /* Pods-matchumbeop-matchumbeopUITests.debug.xcconfig */,
				898C33C88652E63BFBED0FB4 /* Pods-matchumbeop-matchumbeopUITests.release.xcconfig */,
				89DFA2DE2EEE8DE8FFEE7A0F /* Pods-matchumbeopTests.debug.xcconfig */,
				4AD7A1A528B8859594BCF5B2 /* Pods-matchumbeopTests.release.xcconfig */,
				C79414A5267BFA79DB55BBD7 /* Pods-Matchumbeop.debug.xcconfig */,
				DD823D2CC0C19124B038DF14 /* Pods-Matchumbeop.release.xcconfig */,
				515602CE4845FDE6082D32DD /* Pods-Matchumbeop-MatchumbeopUITests.debug.xcconfig */,
				A16852473B5D9C2C668F09C2 /* Pods-Matchumbeop-MatchumbeopUITests.release.xcconfig */,
				42D54CEFC3D0D4B5A8B9A049 /* Pods-MatchumbeopTests.debug.xcconfig */,
				5D56015C3DA80757E22A6BE2 /* Pods-MatchumbeopTests.release.xcconfig */,
			);
			path = Pods;
			sourceTree = "<group>";
		};
/* End PBXGroup section */

/* Begin PBXNativeTarget section */
		30467E102C6B862A007A0F19 /* Matchumbeop */ = {
			isa = PBXNativeTarget;
			buildConfigurationList = 30467E362C6B862B007A0F19 /* Build configuration list for PBXNativeTarget "Matchumbeop" */;
			buildPhases = (
				00F88498609780D34240066B /* [CP] Check Pods Manifest.lock */,
				30467E0D2C6B862A007A0F19 /* Sources */,
				30467E0E2C6B862A007A0F19 /* Frameworks */,
				30467E0F2C6B862A007A0F19 /* Resources */,
				5E0F08EAA1159DD279F1A4D9 /* [CP] Embed Pods Frameworks */,
				308A1CEF2C78D18D0038897F /* Firebase Crashlytics */,
			);
			buildRules = (
			);
			dependencies = (
			);
			name = Matchumbeop;
			packageProductDependencies = (
				306064662C6B8A7C00BC6350 /* KeyboardShortcuts */,
				30D5E09F2C73A5D700295E53 /* LaunchAtLogin */,
				30D5E0A72C74BD5C00295E53 /* Sparkle */,
				30A0D8D82C775C1400F56515 /* Defaults */,
			);
			productName = matchumbeop;
			productReference = 30467E112C6B862A007A0F19 /* Matchumbeop.app */;
			productType = "com.apple.product-type.application";
		};
		30467E212C6B862B007A0F19 /* MatchumbeopTests */ = {
			isa = PBXNativeTarget;
			buildConfigurationList = 30467E392C6B862B007A0F19 /* Build configuration list for PBXNativeTarget "MatchumbeopTests" */;
			buildPhases = (
				B0BCCCA0AA4321A0458A0A78 /* [CP] Check Pods Manifest.lock */,
				30467E1E2C6B862B007A0F19 /* Sources */,
				30467E1F2C6B862B007A0F19 /* Frameworks */,
				30467E202C6B862B007A0F19 /* Resources */,
			);
			buildRules = (
			);
			dependencies = (
				30467E242C6B862B007A0F19 /* PBXTargetDependency */,
			);
			name = MatchumbeopTests;
			productName = matchumbeopTests;
			productReference = 30467E222C6B862B007A0F19 /* MatchumbeopTests.xctest */;
			productType = "com.apple.product-type.bundle.unit-test";
		};
		30467E2B2C6B862B007A0F19 /* MatchumbeopUITests */ = {
			isa = PBXNativeTarget;
			buildConfigurationList = 30467E3C2C6B862B007A0F19 /* Build configuration list for PBXNativeTarget "MatchumbeopUITests" */;
			buildPhases = (
				610BB47D42B04F06936D4BCF /* [CP] Check Pods Manifest.lock */,
				30467E282C6B862B007A0F19 /* Sources */,
				30467E292C6B862B007A0F19 /* Frameworks */,
				30467E2A2C6B862B007A0F19 /* Resources */,
				4A1DCC426867D7B6763D6452 /* [CP] Embed Pods Frameworks */,
			);
			buildRules = (
			);
			dependencies = (
				30467E2E2C6B862B007A0F19 /* PBXTargetDependency */,
			);
			name = MatchumbeopUITests;
			productName = matchumbeopUITests;
			productReference = 30467E2C2C6B862B007A0F19 /* MatchumbeopUITests.xctest */;
			productType = "com.apple.product-type.bundle.ui-testing";
		};
/* End PBXNativeTarget section */

/* Begin PBXProject section */
		30467E092C6B862A007A0F19 /* Project object */ = {
			isa = PBXProject;
			attributes = {
				BuildIndependentTargetsInParallel = 1;
				LastSwiftUpdateCheck = 1500;
				LastUpgradeCheck = 1500;
				TargetAttributes = {
					30467E102C6B862A007A0F19 = {
						CreatedOnToolsVersion = 15.0;
					};
					30467E212C6B862B007A0F19 = {
						CreatedOnToolsVersion = 15.0;
						TestTargetID = 30467E102C6B862A007A0F19;
					};
					30467E2B2C6B862B007A0F19 = {
						CreatedOnToolsVersion = 15.0;
						TestTargetID = 30467E102C6B862A007A0F19;
					};
				};
			};
			buildConfigurationList = 30467E0C2C6B862A007A0F19 /* Build configuration list for PBXProject "Matchumbeop" */;
			compatibilityVersion = "Xcode 14.0";
			developmentRegion = en;
			hasScannedForEncodings = 0;
			knownRegions = (
				en,
				Base,
			);
			mainGroup = 30467E082C6B862A007A0F19;
			packageReferences = (
				306064652C6B8A7C00BC6350 /* XCRemoteSwiftPackageReference "KeyboardShortcuts" */,
				30D5E09E2C73A5D700295E53 /* XCRemoteSwiftPackageReference "LaunchAtLogin-Modern" */,
				30D5E0A62C74BD5B00295E53 /* XCRemoteSwiftPackageReference "Sparkle" */,
				30D5E0BE2C74CF7C00295E53 /* XCRemoteSwiftPackageReference "firebase-ios-sdk" */,
				302B5FC12C7757890043351B /* XCRemoteSwiftPackageReference "Defaults" */,
			);
			productRefGroup = 30467E122C6B862A007A0F19 /* Products */;
			projectDirPath = "";
			projectRoot = "";
			targets = (
				30467E102C6B862A007A0F19 /* Matchumbeop */,
				30467E212C6B862B007A0F19 /* MatchumbeopTests */,
				30467E2B2C6B862B007A0F19 /* MatchumbeopUITests */,
			);
		};
/* End PBXProject section */

/* Begin PBXResourcesBuildPhase section */
		30467E0F2C6B862A007A0F19 /* Resources */ = {
			isa = PBXResourcesBuildPhase;
			buildActionMask = 2147483647;
			files = (
				30410C0A2C74EC1300AF9126 /* AppIcon.icns in Resources */,
				30467E1C2C6B862B007A0F19 /* Preview Assets.xcassets in Resources */,
				30D5E0C22C74D48B00295E53 /* GoogleService-Info.plist in Resources */,
				30D5E0C32C74EA3600295E53 /* Assets.xcassets in Resources */,
				306064692C6B8C5800BC6350 /* Info.plist in Resources */,
			);
			runOnlyForDeploymentPostprocessing = 0;
		};
		30467E202C6B862B007A0F19 /* Resources */ = {
			isa = PBXResourcesBuildPhase;
			buildActionMask = 2147483647;
			files = (
			);
			runOnlyForDeploymentPostprocessing = 0;
		};
		30467E2A2C6B862B007A0F19 /* Resources */ = {
			isa = PBXResourcesBuildPhase;
			buildActionMask = 2147483647;
			files = (
			);
			runOnlyForDeploymentPostprocessing = 0;
		};
/* End PBXResourcesBuildPhase section */

/* Begin PBXShellScriptBuildPhase section */
		00F88498609780D34240066B /* [CP] Check Pods Manifest.lock */ = {
			isa = PBXShellScriptBuildPhase;
			buildActionMask = 2147483647;
			files = (
			);
			inputFileListPaths = (
			);
			inputPaths = (
				"${PODS_PODFILE_DIR_PATH}/Podfile.lock",
				"${PODS_ROOT}/Manifest.lock",
			);
			name = "[CP] Check Pods Manifest.lock";
			outputFileListPaths = (
			);
			outputPaths = (
				"$(DERIVED_FILE_DIR)/Pods-Matchumbeop-checkManifestLockResult.txt",
			);
			runOnlyForDeploymentPostprocessing = 0;
			shellPath = /bin/sh;
			shellScript = "diff \"${PODS_PODFILE_DIR_PATH}/Podfile.lock\" \"${PODS_ROOT}/Manifest.lock\" > /dev/null\nif [ $? != 0 ] ; then\n    # print error to STDERR\n    echo \"error: The sandbox is not in sync with the Podfile.lock. Run 'pod install' or update your CocoaPods installation.\" >&2\n    exit 1\nfi\n# This output is used by Xcode 'outputs' to avoid re-running this script phase.\necho \"SUCCESS\" > \"${SCRIPT_OUTPUT_FILE_0}\"\n";
			showEnvVarsInLog = 0;
		};
		308A1CEF2C78D18D0038897F /* Firebase Crashlytics */ = {
			isa = PBXShellScriptBuildPhase;
			buildActionMask = 2147483647;
			files = (
			);
			inputFileListPaths = (
			);
			inputPaths = (
				"${DWARF_DSYM_FOLDER_PATH}/${DWARF_DSYM_FILE_NAME}",
				"${DWARF_DSYM_FOLDER_PATH}/${DWARF_DSYM_FILE_NAME}/Contents/Resources/DWARF/${PRODUCT_NAME}",
				"${DWARF_DSYM_FOLDER_PATH}/${DWARF_DSYM_FILE_NAME}/Contents/Info.plist",
				"$(TARGET_BUILD_DIR)/$(UNLOCALIZED_RESOURCES_FOLDER_PATH)/GoogleService-Info.plist",
				"$(TARGET_BUILD_DIR)/$(EXECUTABLE_PATH)",
			);
			name = "Firebase Crashlytics";
			outputFileListPaths = (
			);
			outputPaths = (
			);
			runOnlyForDeploymentPostprocessing = 0;
			shellPath = /bin/sh;
			shellScript = "\"${BUILD_DIR%/Build/*}/SourcePackages/checkouts/firebase-ios-sdk/Crashlytics/run\"\n";
		};
		4A1DCC426867D7B6763D6452 /* [CP] Embed Pods Frameworks */ = {
			isa = PBXShellScriptBuildPhase;
			buildActionMask = 2147483647;
			files = (
			);
			inputFileListPaths = (
				"${PODS_ROOT}/Target Support Files/Pods-Matchumbeop-MatchumbeopUITests/Pods-Matchumbeop-MatchumbeopUITests-frameworks-${CONFIGURATION}-input-files.xcfilelist",
			);
			name = "[CP] Embed Pods Frameworks";
			outputFileListPaths = (
				"${PODS_ROOT}/Target Support Files/Pods-Matchumbeop-MatchumbeopUITests/Pods-Matchumbeop-MatchumbeopUITests-frameworks-${CONFIGURATION}-output-files.xcfilelist",
			);
			runOnlyForDeploymentPostprocessing = 0;
			shellPath = /bin/sh;
			shellScript = "\"${PODS_ROOT}/Target Support Files/Pods-Matchumbeop-MatchumbeopUITests/Pods-Matchumbeop-MatchumbeopUITests-frameworks.sh\"\n";
			showEnvVarsInLog = 0;
		};
		5E0F08EAA1159DD279F1A4D9 /* [CP] Embed Pods Frameworks */ = {
			isa = PBXShellScriptBuildPhase;
			buildActionMask = 2147483647;
			files = (
			);
			inputFileListPaths = (
				"${PODS_ROOT}/Target Support Files/Pods-Matchumbeop/Pods-Matchumbeop-frameworks-${CONFIGURATION}-input-files.xcfilelist",
			);
			name = "[CP] Embed Pods Frameworks";
			outputFileListPaths = (
				"${PODS_ROOT}/Target Support Files/Pods-Matchumbeop/Pods-Matchumbeop-frameworks-${CONFIGURATION}-output-files.xcfilelist",
			);
			runOnlyForDeploymentPostprocessing = 0;
			shellPath = /bin/sh;
			shellScript = "\"${PODS_ROOT}/Target Support Files/Pods-Matchumbeop/Pods-Matchumbeop-frameworks.sh\"\n";
			showEnvVarsInLog = 0;
		};
		610BB47D42B04F06936D4BCF /* [CP] Check Pods Manifest.lock */ = {
			isa = PBXShellScriptBuildPhase;
			buildActionMask = 2147483647;
			files = (
			);
			inputFileListPaths = (
			);
			inputPaths = (
				"${PODS_PODFILE_DIR_PATH}/Podfile.lock",
				"${PODS_ROOT}/Manifest.lock",
			);
			name = "[CP] Check Pods Manifest.lock";
			outputFileListPaths = (
			);
			outputPaths = (
				"$(DERIVED_FILE_DIR)/Pods-Matchumbeop-MatchumbeopUITests-checkManifestLockResult.txt",
			);
			runOnlyForDeploymentPostprocessing = 0;
			shellPath = /bin/sh;
			shellScript = "diff \"${PODS_PODFILE_DIR_PATH}/Podfile.lock\" \"${PODS_ROOT}/Manifest.lock\" > /dev/null\nif [ $? != 0 ] ; then\n    # print error to STDERR\n    echo \"error: The sandbox is not in sync with the Podfile.lock. Run 'pod install' or update your CocoaPods installation.\" >&2\n    exit 1\nfi\n# This output is used by Xcode 'outputs' to avoid re-running this script phase.\necho \"SUCCESS\" > \"${SCRIPT_OUTPUT_FILE_0}\"\n";
			showEnvVarsInLog = 0;
		};
		B0BCCCA0AA4321A0458A0A78 /* [CP] Check Pods Manifest.lock */ = {
			isa = PBXShellScriptBuildPhase;
			buildActionMask = 2147483647;
			files = (
			);
			inputFileListPaths = (
			);
			inputPaths = (
				"${PODS_PODFILE_DIR_PATH}/Podfile.lock",
				"${PODS_ROOT}/Manifest.lock",
			);
			name = "[CP] Check Pods Manifest.lock";
			outputFileListPaths = (
			);
			outputPaths = (
				"$(DERIVED_FILE_DIR)/Pods-MatchumbeopTests-checkManifestLockResult.txt",
			);
			runOnlyForDeploymentPostprocessing = 0;
			shellPath = /bin/sh;
			shellScript = "diff \"${PODS_PODFILE_DIR_PATH}/Podfile.lock\" \"${PODS_ROOT}/Manifest.lock\" > /dev/null\nif [ $? != 0 ] ; then\n    # print error to STDERR\n    echo \"error: The sandbox is not in sync with the Podfile.lock. Run 'pod install' or update your CocoaPods installation.\" >&2\n    exit 1\nfi\n# This output is used by Xcode 'outputs' to avoid re-running this script phase.\necho \"SUCCESS\" > \"${SCRIPT_OUTPUT_FILE_0}\"\n";
			showEnvVarsInLog = 0;
		};
/* End PBXShellScriptBuildPhase section */

/* Begin PBXSourcesBuildPhase section */
		30467E0D2C6B862A007A0F19 /* Sources */ = {
			isa = PBXSourcesBuildPhase;
			buildActionMask = 2147483647;
			files = (
				306064732C6C8AE400BC6350 /* SpellCheckerExtension.swift in Sources */,
				3042EB8B2C73810400F69690 /* HintView.swift in Sources */,
				302B5FB52C76208F0043351B /* Analytics.swift in Sources */,
				3060646D2C6B957D00BC6350 /* AppDelegate.swift in Sources */,
				306064642C6B87D400BC6350 /* SettingsView.swift in Sources */,
				302B5FB72C7620CF0043351B /* AnalyticsEvent.swift in Sources */,
				302B5FB22C7620530043351B /* AnalyticsEngine.swift in Sources */,
				3042EB8D2C7393BC00F69690 /* ToastView.swift in Sources */,
				30D5E0BC2C74C3B800295E53 /* UpdateChecker.swift in Sources */,
				3060646B2C6B8E8C00BC6350 /* AppState.swift in Sources */,
				302B5FC02C7756EB0043351B /* SpellChecker.swift in Sources */,
				30467E402C6B865B007A0F19 /* ContentView.swift in Sources */,
				306064622C6B87BF00BC6350 /* NaverSpellChecker.swift in Sources */,
				302B5FBA2C7621180043351B /* String.swift in Sources */,
				3042EB8F2C739E5100F69690 /* Constants.swift in Sources */,
				302B5FC32C7758690043351B /* Defaults.swift in Sources */,
				302B5FBD2C7622170043351B /* AnalyticsEvents.swift in Sources */,
				30467E152C6B862A007A0F19 /* MatchumbeopApp.swift in Sources */,
				306064712C6BB82D00BC6350 /* DraggableTextView.swift in Sources */,
				30D5E0A22C74458C00295E53 /* Utils.swift in Sources */,
				30D5E0A52C74BB4800295E53 /* SettingsDivider.swift in Sources */,
			);
			runOnlyForDeploymentPostprocessing = 0;
		};
		30467E1E2C6B862B007A0F19 /* Sources */ = {
			isa = PBXSourcesBuildPhase;
			buildActionMask = 2147483647;
			files = (
				30467E272C6B862B007A0F19 /* MatchumbeopTests.swift in Sources */,
			);
			runOnlyForDeploymentPostprocessing = 0;
		};
		30467E282C6B862B007A0F19 /* Sources */ = {
			isa = PBXSourcesBuildPhase;
			buildActionMask = 2147483647;
			files = (
				30467E332C6B862B007A0F19 /* MatchumbeopUITestsLaunchTests.swift in Sources */,
				30467E312C6B862B007A0F19 /* MatchumbeopUITests.swift in Sources */,
			);
			runOnlyForDeploymentPostprocessing = 0;
		};
/* End PBXSourcesBuildPhase section */

/* Begin PBXTargetDependency section */
		30467E242C6B862B007A0F19 /* PBXTargetDependency */ = {
			isa = PBXTargetDependency;
			target = 30467E102C6B862A007A0F19 /* Matchumbeop */;
			targetProxy = 30467E232C6B862B007A0F19 /* PBXContainerItemProxy */;
		};
		30467E2E2C6B862B007A0F19 /* PBXTargetDependency */ = {
			isa = PBXTargetDependency;
			target = 30467E102C6B862A007A0F19 /* Matchumbeop */;
			targetProxy = 30467E2D2C6B862B007A0F19 /* PBXContainerItemProxy */;
		};
/* End PBXTargetDependency section */

/* Begin XCBuildConfiguration section */
		30467E342C6B862B007A0F19 /* Debug */ = {
			isa = XCBuildConfiguration;
			buildSettings = {
				ALWAYS_SEARCH_USER_PATHS = NO;
				ASSETCATALOG_COMPILER_GENERATE_SWIFT_ASSET_SYMBOL_EXTENSIONS = YES;
				CLANG_ANALYZER_NONNULL = YES;
				CLANG_ANALYZER_NUMBER_OBJECT_CONVERSION = YES_AGGRESSIVE;
				CLANG_CXX_LANGUAGE_STANDARD = "gnu++20";
				CLANG_ENABLE_MODULES = YES;
				CLANG_ENABLE_OBJC_ARC = YES;
				CLANG_ENABLE_OBJC_WEAK = YES;
				CLANG_WARN_BLOCK_CAPTURE_AUTORELEASING = YES;
				CLANG_WARN_BOOL_CONVERSION = YES;
				CLANG_WARN_COMMA = YES;
				CLANG_WARN_CONSTANT_CONVERSION = YES;
				CLANG_WARN_DEPRECATED_OBJC_IMPLEMENTATIONS = YES;
				CLANG_WARN_DIRECT_OBJC_ISA_USAGE = YES_ERROR;
				CLANG_WARN_DOCUMENTATION_COMMENTS = YES;
				CLANG_WARN_EMPTY_BODY = YES;
				CLANG_WARN_ENUM_CONVERSION = YES;
				CLANG_WARN_INFINITE_RECURSION = YES;
				CLANG_WARN_INT_CONVERSION = YES;
				CLANG_WARN_NON_LITERAL_NULL_CONVERSION = YES;
				CLANG_WARN_OBJC_IMPLICIT_RETAIN_SELF = YES;
				CLANG_WARN_OBJC_LITERAL_CONVERSION = YES;
				CLANG_WARN_OBJC_ROOT_CLASS = YES_ERROR;
				CLANG_WARN_QUOTED_INCLUDE_IN_FRAMEWORK_HEADER = YES;
				CLANG_WARN_RANGE_LOOP_ANALYSIS = YES;
				CLANG_WARN_STRICT_PROTOTYPES = YES;
				CLANG_WARN_SUSPICIOUS_MOVE = YES;
				CLANG_WARN_UNGUARDED_AVAILABILITY = YES_AGGRESSIVE;
				CLANG_WARN_UNREACHABLE_CODE = YES;
				CLANG_WARN__DUPLICATE_METHOD_MATCH = YES;
				COPY_PHASE_STRIP = NO;
				DEBUG_INFORMATION_FORMAT = "dwarf-with-dsym";
				ENABLE_STRICT_OBJC_MSGSEND = YES;
				ENABLE_TESTABILITY = YES;
				ENABLE_USER_SCRIPT_SANDBOXING = NO;
				GCC_C_LANGUAGE_STANDARD = gnu17;
				GCC_DYNAMIC_NO_PIC = NO;
				GCC_NO_COMMON_BLOCKS = YES;
				GCC_OPTIMIZATION_LEVEL = 0;
				GCC_PREPROCESSOR_DEFINITIONS = (
					"DEBUG=1",
					"$(inherited)",
				);
				GCC_WARN_64_TO_32_BIT_CONVERSION = YES;
				GCC_WARN_ABOUT_RETURN_TYPE = YES_ERROR;
				GCC_WARN_UNDECLARED_SELECTOR = YES;
				GCC_WARN_UNINITIALIZED_AUTOS = YES_AGGRESSIVE;
				GCC_WARN_UNUSED_FUNCTION = YES;
				GCC_WARN_UNUSED_VARIABLE = YES;
				LOCALIZATION_PREFERS_STRING_CATALOGS = YES;
				MACOSX_DEPLOYMENT_TARGET = 14.0;
				MTL_ENABLE_DEBUG_INFO = INCLUDE_SOURCE;
				MTL_FAST_MATH = YES;
				ONLY_ACTIVE_ARCH = YES;
				SDKROOT = macosx;
				SWIFT_ACTIVE_COMPILATION_CONDITIONS = "DEBUG $(inherited)";
				SWIFT_OPTIMIZATION_LEVEL = "-Onone";
			};
			name = Debug;
		};
		30467E352C6B862B007A0F19 /* Release */ = {
			isa = XCBuildConfiguration;
			buildSettings = {
				ALWAYS_SEARCH_USER_PATHS = NO;
				ASSETCATALOG_COMPILER_GENERATE_SWIFT_ASSET_SYMBOL_EXTENSIONS = YES;
				CLANG_ANALYZER_NONNULL = YES;
				CLANG_ANALYZER_NUMBER_OBJECT_CONVERSION = YES_AGGRESSIVE;
				CLANG_CXX_LANGUAGE_STANDARD = "gnu++20";
				CLANG_ENABLE_MODULES = YES;
				CLANG_ENABLE_OBJC_ARC = YES;
				CLANG_ENABLE_OBJC_WEAK = YES;
				CLANG_WARN_BLOCK_CAPTURE_AUTORELEASING = YES;
				CLANG_WARN_BOOL_CONVERSION = YES;
				CLANG_WARN_COMMA = YES;
				CLANG_WARN_CONSTANT_CONVERSION = YES;
				CLANG_WARN_DEPRECATED_OBJC_IMPLEMENTATIONS = YES;
				CLANG_WARN_DIRECT_OBJC_ISA_USAGE = YES_ERROR;
				CLANG_WARN_DOCUMENTATION_COMMENTS = YES;
				CLANG_WARN_EMPTY_BODY = YES;
				CLANG_WARN_ENUM_CONVERSION = YES;
				CLANG_WARN_INFINITE_RECURSION = YES;
				CLANG_WARN_INT_CONVERSION = YES;
				CLANG_WARN_NON_LITERAL_NULL_CONVERSION = YES;
				CLANG_WARN_OBJC_IMPLICIT_RETAIN_SELF = YES;
				CLANG_WARN_OBJC_LITERAL_CONVERSION = YES;
				CLANG_WARN_OBJC_ROOT_CLASS = YES_ERROR;
				CLANG_WARN_QUOTED_INCLUDE_IN_FRAMEWORK_HEADER = YES;
				CLANG_WARN_RANGE_LOOP_ANALYSIS = YES;
				CLANG_WARN_STRICT_PROTOTYPES = YES;
				CLANG_WARN_SUSPICIOUS_MOVE = YES;
				CLANG_WARN_UNGUARDED_AVAILABILITY = YES_AGGRESSIVE;
				CLANG_WARN_UNREACHABLE_CODE = YES;
				CLANG_WARN__DUPLICATE_METHOD_MATCH = YES;
				COPY_PHASE_STRIP = NO;
				DEBUG_INFORMATION_FORMAT = "dwarf-with-dsym";
				ENABLE_NS_ASSERTIONS = NO;
				ENABLE_STRICT_OBJC_MSGSEND = YES;
				ENABLE_USER_SCRIPT_SANDBOXING = NO;
				GCC_C_LANGUAGE_STANDARD = gnu17;
				GCC_NO_COMMON_BLOCKS = YES;
				GCC_WARN_64_TO_32_BIT_CONVERSION = YES;
				GCC_WARN_ABOUT_RETURN_TYPE = YES_ERROR;
				GCC_WARN_UNDECLARED_SELECTOR = YES;
				GCC_WARN_UNINITIALIZED_AUTOS = YES_AGGRESSIVE;
				GCC_WARN_UNUSED_FUNCTION = YES;
				GCC_WARN_UNUSED_VARIABLE = YES;
				LOCALIZATION_PREFERS_STRING_CATALOGS = YES;
				MACOSX_DEPLOYMENT_TARGET = 14.0;
				MTL_ENABLE_DEBUG_INFO = NO;
				MTL_FAST_MATH = YES;
				SDKROOT = macosx;
				SWIFT_COMPILATION_MODE = wholemodule;
			};
			name = Release;
		};
		30467E372C6B862B007A0F19 /* Debug */ = {
			isa = XCBuildConfiguration;
			baseConfigurationReference = C79414A5267BFA79DB55BBD7 /* Pods-Matchumbeop.debug.xcconfig */;
			buildSettings = {
				ASSETCATALOG_COMPILER_APPICON_NAME = AppIcon;
				ASSETCATALOG_COMPILER_GLOBAL_ACCENT_COLOR_NAME = AccentColor;
				ASSETCATALOG_COMPILER_INCLUDE_ALL_APPICON_ASSETS = YES;
				CODE_SIGN_ENTITLEMENTS = Matchumbeop/Matchumbeop.entitlements;
				CODE_SIGN_IDENTITY = "Apple Development";
				"CODE_SIGN_IDENTITY[sdk=macosx*]" = "Apple Development";
				CODE_SIGN_STYLE = Automatic;
				COMBINE_HIDPI_IMAGES = YES;
				CURRENT_PROJECT_VERSION = 0;
				DEVELOPMENT_ASSET_PATHS = "Matchumbeop/Preview\\ Content";
				DEVELOPMENT_TEAM = N7V29V6Q33;
				ENABLE_HARDENED_RUNTIME = YES;
				ENABLE_PREVIEWS = YES;
				GENERATE_INFOPLIST_FILE = YES;
				INFOPLIST_FILE = Info.plist;
				INFOPLIST_KEY_CFBundleDisplayName = Matchumbeop;
				INFOPLIST_KEY_LSApplicationCategoryType = "public.app-category.education";
				INFOPLIST_KEY_LSUIElement = YES;
				INFOPLIST_KEY_NSAppleEventsUsageDescription = "키보드 단축키를 사용하여 다른 앱에 선택된 텍스트를 자동으로 복사하기 위해 권한이 필요합니다.";
				INFOPLIST_KEY_NSHumanReadableCopyright = "2024 Suhun Han (@ssut)";
				LD_RUNPATH_SEARCH_PATHS = (
					"$(inherited)",
					"@executable_path/../Frameworks",
				);
				MACOSX_DEPLOYMENT_TARGET = 14.0;
				MARKETING_VERSION = 1.0;
				OTHER_LDFLAGS = (
					"$(inherited)",
					"-framework",
					"\"Alamofire\"",
					"-framework",
					"\"CFNetwork\"",
					"-framework",
					"\"SwiftSoup\"",
				);
				PRODUCT_BUNDLE_IDENTIFIER = me.ssut.matchumbeop;
				PRODUCT_NAME = "$(TARGET_NAME)";
				PROVISIONING_PROFILE_SPECIFIER = "";
				SWIFT_EMIT_LOC_STRINGS = YES;
				SWIFT_VERSION = 5.0;
			};
			name = Debug;
		};
		30467E382C6B862B007A0F19 /* Release */ = {
			isa = XCBuildConfiguration;
			baseConfigurationReference = DD823D2CC0C19124B038DF14 /* Pods-Matchumbeop.release.xcconfig */;
			buildSettings = {
				ASSETCATALOG_COMPILER_APPICON_NAME = AppIcon;
				ASSETCATALOG_COMPILER_GLOBAL_ACCENT_COLOR_NAME = AccentColor;
				ASSETCATALOG_COMPILER_INCLUDE_ALL_APPICON_ASSETS = YES;
				CODE_SIGN_ENTITLEMENTS = Matchumbeop/Matchumbeop.entitlements;
				CODE_SIGN_IDENTITY = "Apple Development";
				"CODE_SIGN_IDENTITY[sdk=macosx*]" = "Apple Development";
				CODE_SIGN_STYLE = Automatic;
				COMBINE_HIDPI_IMAGES = YES;
				CURRENT_PROJECT_VERSION = 0;
				DEVELOPMENT_ASSET_PATHS = "Matchumbeop/Preview\\ Content";
				DEVELOPMENT_TEAM = N7V29V6Q33;
				ENABLE_HARDENED_RUNTIME = YES;
				ENABLE_PREVIEWS = YES;
				GENERATE_INFOPLIST_FILE = YES;
				INFOPLIST_FILE = Info.plist;
				INFOPLIST_KEY_CFBundleDisplayName = Matchumbeop;
				INFOPLIST_KEY_LSApplicationCategoryType = "public.app-category.education";
				INFOPLIST_KEY_LSUIElement = YES;
				INFOPLIST_KEY_NSAppleEventsUsageDescription = "키보드 단축키를 사용하여 다른 앱에 선택된 텍스트를 자동으로 복사하기 위해 권한이 필요합니다.";
				INFOPLIST_KEY_NSHumanReadableCopyright = "2024 Suhun Han (@ssut)";
				LD_RUNPATH_SEARCH_PATHS = (
					"$(inherited)",
					"@executable_path/../Frameworks",
				);
				MACOSX_DEPLOYMENT_TARGET = 14.0;
				MARKETING_VERSION = 1.0;
				OTHER_LDFLAGS = (
					"$(inherited)",
					"-framework",
					"\"Alamofire\"",
					"-framework",
					"\"CFNetwork\"",
					"-framework",
					"\"SwiftSoup\"",
				);
				PRODUCT_BUNDLE_IDENTIFIER = me.ssut.matchumbeop;
				PRODUCT_NAME = "$(TARGET_NAME)";
				PROVISIONING_PROFILE_SPECIFIER = "";
				SWIFT_EMIT_LOC_STRINGS = YES;
				SWIFT_VERSION = 5.0;
			};
			name = Release;
		};
		30467E3A2C6B862B007A0F19 /* Debug */ = {
			isa = XCBuildConfiguration;
			baseConfigurationReference = 42D54CEFC3D0D4B5A8B9A049 /* Pods-MatchumbeopTests.debug.xcconfig */;
			buildSettings = {
				BUNDLE_LOADER = "$(TEST_HOST)";
				CODE_SIGN_STYLE = Automatic;
				CURRENT_PROJECT_VERSION = 1;
				DEVELOPMENT_TEAM = 2V5P3KZ3LS;
				GENERATE_INFOPLIST_FILE = YES;
				MACOSX_DEPLOYMENT_TARGET = 14.0;
				MARKETING_VERSION = 1.0;
				PRODUCT_BUNDLE_IDENTIFIER = me.ssut.matchumbeopTests;
				PRODUCT_NAME = "$(TARGET_NAME)";
				SWIFT_EMIT_LOC_STRINGS = NO;
				SWIFT_VERSION = 5.0;
				TEST_HOST = "$(BUILT_PRODUCTS_DIR)/Matchumbeop.app/$(BUNDLE_EXECUTABLE_FOLDER_PATH)/Matchumbeop";
			};
			name = Debug;
		};
		30467E3B2C6B862B007A0F19 /* Release */ = {
			isa = XCBuildConfiguration;
			baseConfigurationReference = 5D56015C3DA80757E22A6BE2 /* Pods-MatchumbeopTests.release.xcconfig */;
			buildSettings = {
				BUNDLE_LOADER = "$(TEST_HOST)";
				CODE_SIGN_STYLE = Automatic;
				CURRENT_PROJECT_VERSION = 1;
				DEVELOPMENT_TEAM = 2V5P3KZ3LS;
				GENERATE_INFOPLIST_FILE = YES;
				MACOSX_DEPLOYMENT_TARGET = 14.0;
				MARKETING_VERSION = 1.0;
				PRODUCT_BUNDLE_IDENTIFIER = me.ssut.matchumbeopTests;
				PRODUCT_NAME = "$(TARGET_NAME)";
				SWIFT_EMIT_LOC_STRINGS = NO;
				SWIFT_VERSION = 5.0;
				TEST_HOST = "$(BUILT_PRODUCTS_DIR)/Matchumbeop.app/$(BUNDLE_EXECUTABLE_FOLDER_PATH)/Matchumbeop";
			};
			name = Release;
		};
		30467E3D2C6B862B007A0F19 /* Debug */ = {
			isa = XCBuildConfiguration;
			baseConfigurationReference = 515602CE4845FDE6082D32DD /* Pods-Matchumbeop-MatchumbeopUITests.debug.xcconfig */;
			buildSettings = {
				CODE_SIGN_STYLE = Automatic;
				CURRENT_PROJECT_VERSION = 1;
				DEVELOPMENT_TEAM = 2V5P3KZ3LS;
				GENERATE_INFOPLIST_FILE = YES;
				MARKETING_VERSION = 1.0;
				PRODUCT_BUNDLE_IDENTIFIER = me.ssut.matchumbeopUITests;
				PRODUCT_NAME = "$(TARGET_NAME)";
				SWIFT_EMIT_LOC_STRINGS = NO;
				SWIFT_VERSION = 5.0;
				TEST_TARGET_NAME = matchumbeop;
			};
			name = Debug;
		};
		30467E3E2C6B862B007A0F19 /* Release */ = {
			isa = XCBuildConfiguration;
			baseConfigurationReference = A16852473B5D9C2C668F09C2 /* Pods-Matchumbeop-MatchumbeopUITests.release.xcconfig */;
			buildSettings = {
				CODE_SIGN_STYLE = Automatic;
				CURRENT_PROJECT_VERSION = 1;
				DEVELOPMENT_TEAM = 2V5P3KZ3LS;
				GENERATE_INFOPLIST_FILE = YES;
				MARKETING_VERSION = 1.0;
				PRODUCT_BUNDLE_IDENTIFIER = me.ssut.matchumbeopUITests;
				PRODUCT_NAME = "$(TARGET_NAME)";
				SWIFT_EMIT_LOC_STRINGS = NO;
				SWIFT_VERSION = 5.0;
				TEST_TARGET_NAME = matchumbeop;
			};
			name = Release;
		};
/* End XCBuildConfiguration section */

/* Begin XCConfigurationList section */
		30467E0C2C6B862A007A0F19 /* Build configuration list for PBXProject "Matchumbeop" */ = {
			isa = XCConfigurationList;
			buildConfigurations = (
				30467E342C6B862B007A0F19 /* Debug */,
				30467E352C6B862B007A0F19 /* Release */,
			);
			defaultConfigurationIsVisible = 0;
			defaultConfigurationName = Release;
		};
		30467E362C6B862B007A0F19 /* Build configuration list for PBXNativeTarget "Matchumbeop" */ = {
			isa = XCConfigurationList;
			buildConfigurations = (
				30467E372C6B862B007A0F19 /* Debug */,
				30467E382C6B862B007A0F19 /* Release */,
			);
			defaultConfigurationIsVisible = 0;
			defaultConfigurationName = Release;
		};
		30467E392C6B862B007A0F19 /* Build configuration list for PBXNativeTarget "MatchumbeopTests" */ = {
			isa = XCConfigurationList;
			buildConfigurations = (
				30467E3A2C6B862B007A0F19 /* Debug */,
				30467E3B2C6B862B007A0F19 /* Release */,
			);
			defaultConfigurationIsVisible = 0;
			defaultConfigurationName = Release;
		};
		30467E3C2C6B862B007A0F19 /* Build configuration list for PBXNativeTarget "MatchumbeopUITests" */ = {
			isa = XCConfigurationList;
			buildConfigurations = (
				30467E3D2C6B862B007A0F19 /* Debug */,
				30467E3E2C6B862B007A0F19 /* Release */,
			);
			defaultConfigurationIsVisible = 0;
			defaultConfigurationName = Release;
		};
/* End XCConfigurationList section */

/* Begin XCRemoteSwiftPackageReference section */
		302B5FC12C7757890043351B /* XCRemoteSwiftPackageReference "Defaults" */ = {
			isa = XCRemoteSwiftPackageReference;
			repositoryURL = "https://github.com/sindresorhus/Defaults";
			requirement = {
				branch = main;
				kind = branch;
			};
		};
		306064652C6B8A7C00BC6350 /* XCRemoteSwiftPackageReference "KeyboardShortcuts" */ = {
			isa = XCRemoteSwiftPackageReference;
			repositoryURL = "https://github.com/sindresorhus/KeyboardShortcuts";
			requirement = {
				kind = upToNextMajorVersion;
				minimumVersion = 2.0.1;
			};
		};
		30D5E09E2C73A5D700295E53 /* XCRemoteSwiftPackageReference "LaunchAtLogin-Modern" */ = {
			isa = XCRemoteSwiftPackageReference;
			repositoryURL = "https://github.com/sindresorhus/LaunchAtLogin-Modern";
			requirement = {
				kind = exactVersion;
				version = 1.1.0;
			};
		};
		30D5E0A62C74BD5B00295E53 /* XCRemoteSwiftPackageReference "Sparkle" */ = {
			isa = XCRemoteSwiftPackageReference;
			repositoryURL = "https://github.com/sparkle-project/Sparkle";
			requirement = {
				kind = upToNextMajorVersion;
				minimumVersion = 2.6.4;
			};
		};
		30D5E0BE2C74CF7C00295E53 /* XCRemoteSwiftPackageReference "firebase-ios-sdk" */ = {
			isa = XCRemoteSwiftPackageReference;
			repositoryURL = "https://github.com/firebase/firebase-ios-sdk.git";
			requirement = {
				kind = upToNextMajorVersion;
				minimumVersion = 11.1.0;
			};
		};
/* End XCRemoteSwiftPackageReference section */

/* Begin XCSwiftPackageProductDependency section */
		306064662C6B8A7C00BC6350 /* KeyboardShortcuts */ = {
			isa = XCSwiftPackageProductDependency;
			package = 306064652C6B8A7C00BC6350 /* XCRemoteSwiftPackageReference "KeyboardShortcuts" */;
			productName = KeyboardShortcuts;
		};
		30A0D8D82C775C1400F56515 /* Defaults */ = {
			isa = XCSwiftPackageProductDependency;
			package = 302B5FC12C7757890043351B /* XCRemoteSwiftPackageReference "Defaults" */;
			productName = Defaults;
		};
		30D5E09F2C73A5D700295E53 /* LaunchAtLogin */ = {
			isa = XCSwiftPackageProductDependency;
			package = 30D5E09E2C73A5D700295E53 /* XCRemoteSwiftPackageReference "LaunchAtLogin-Modern" */;
			productName = LaunchAtLogin;
		};
		30D5E0A72C74BD5C00295E53 /* Sparkle */ = {
			isa = XCSwiftPackageProductDependency;
			package = 30D5E0A62C74BD5B00295E53 /* XCRemoteSwiftPackageReference "Sparkle" */;
			productName = Sparkle;
		};
/* End XCSwiftPackageProductDependency section */
	};
	rootObject = 30467E092C6B862A007A0F19 /* Project object */;
}
